
Microsoft Visual Studio Solution File, Format Version 12.00
# Visual Studio 14
VisualStudioVersion = 14.0.25420.1
MinimumVisualStudioVersion = 10.0.40219.1
Project("{FAE04EC0-301F-11D3-BF4B-00C04F79EFBC}") = "JohnHolliday.Caml.Net", "JohnHolliday.Caml.Net\JohnHolliday.Caml.Net.csproj", "{74FED2CA-9314-48B9-AA43-8D16FB2BDFCD}"
EndProject
Project("{FAE04EC0-301F-11D3-BF4B-00C04F79EFBC}") = "JohnHolliday.Caml.Net.SharePoint", "JohnHolliday.Caml.Net.SharePoint\JohnHolliday.Caml.Net.SharePoint.csproj", "{93E747BA-098F-4C14-8D94-43D2429BD8FA}"
EndProject
Global
	GlobalSection(SolutionConfigurationPlatforms) = preSolution
		Debug|Any CPU = Debug|Any CPU
		Release|Any CPU = Release|Any CPU
	EndGlobalSection
	GlobalSection(ProjectConfigurationPlatforms) = postSolution
		{74FED2CA-9314-48B9-AA43-8D16FB2BDFCD}.Debug|Any CPU.ActiveCfg = Debug|Any CPU
		{74FED2CA-9314-48B9-AA43-8D16FB2BDFCD}.Debug|Any CPU.Build.0 = Debug|Any CPU
		{74FED2CA-9314-48B9-AA43-8D16FB2BDFCD}.Release|Any CPU.ActiveCfg = Release|Any CPU
		{74FED2CA-9314-48B9-AA43-8D16FB2BDFCD}.Release|Any CPU.Build.0 = Release|Any CPU
		{93E747BA-098F-4C14-8D94-43D2429BD8FA}.Debug|Any CPU.ActiveCfg = Debug|Any CPU
		{93E747BA-098F-4C14-8D94-43D2429BD8FA}.Debug|Any CPU.Build.0 = Debug|Any CPU
		{93E747BA-098F-4C14-8D94-43D2429BD8FA}.Release|Any CPU.ActiveCfg = Release|Any CPU
		{93E747BA-098F-4C14-8D94-43D2429BD8FA}.Release|Any CPU.Build.0 = Release|Any CPU
	EndGlobalSection
	GlobalSection(SolutionProperties) = preSolution
		HideSolutionNode = FALSE
	EndGlobalSection
	GlobalSection(TextTemplating) = postSolution
		TextTemplating = 1
	EndGlobalSection
EndGlobal
