
Microsoft Visual Studio Solution File, Format Version 9.00
# Visual Studio 2005
Project("{FAE04EC0-301F-11D3-BF4B-00C04F79EFBC}") = "JohnHolliday.Caml.Net", "JohnHolliday.Caml.Net.csproj", "{74FED2CA-9314-48B9-AA43-8D16FB2BDFCD}"
	ProjectSection(WebsiteProperties) = preProject
		Debug.AspNetCompiler.Debug = "True"
		Release.AspNetCompiler.Debug = "False"
	EndProjectSection
EndProject
Project("{FAE04EC0-301F-11D3-BF4B-00C04F79EFBC}") = "JohnHolliday.Caml.Net.Documentation", "..\JohnHolliday.Caml.Net.Documentation\JohnHolliday.Caml.Net.Documentation.csproj", "{5AB23C6A-2CFA-4894-BE22-12BBB8B51FA9}"
	ProjectSection(WebsiteProperties) = preProject
		Debug.AspNetCompiler.Debug = "True"
		Release.AspNetCompiler.Debug = "False"
	EndProjectSection
EndProject
Global
	GlobalSection(TeamFoundationVersionControl) = preSolution
		SccNumberOfProjects = 3
		SccEnterpriseProvider = {4CA58AB2-18FA-4F8D-95D4-32DDF27D184C}
		SccTeamFoundationServer = https://tfs03.codeplex.com/
		SccLocalPath0 = .
		SccProjectUniqueName1 = ..\\JohnHolliday.Caml.Net.Documentation\\JohnHolliday.Caml.Net.Documentation.csproj
		SccProjectName1 = ../JohnHolliday.Caml.Net.Documentation
		SccLocalPath1 = ..\\JohnHolliday.Caml.Net.Documentation
		SccProjectUniqueName2 = JohnHolliday.Caml.Net.csproj
		SccLocalPath2 = .
	EndGlobalSection
	GlobalSection(TextTemplating) = postSolution
		TextTemplating = 1
	EndGlobalSection
	GlobalSection(SolutionConfigurationPlatforms) = preSolution
		Debug|Any CPU = Debug|Any CPU
		Release|Any CPU = Release|Any CPU
	EndGlobalSection
	GlobalSection(ProjectConfigurationPlatforms) = postSolution
		{74FED2CA-9314-48B9-AA43-8D16FB2BDFCD}.Debug|Any CPU.ActiveCfg = Debug|Any CPU
		{74FED2CA-9314-48B9-AA43-8D16FB2BDFCD}.Debug|Any CPU.Build.0 = Debug|Any CPU
		{74FED2CA-9314-48B9-AA43-8D16FB2BDFCD}.Release|Any CPU.ActiveCfg = Release|Any CPU
		{74FED2CA-9314-48B9-AA43-8D16FB2BDFCD}.Release|Any CPU.Build.0 = Release|Any CPU
		{5AB23C6A-2CFA-4894-BE22-12BBB8B51FA9}.Debug|Any CPU.ActiveCfg = Debug|Any CPU
		{5AB23C6A-2CFA-4894-BE22-12BBB8B51FA9}.Release|Any CPU.ActiveCfg = Release|Any CPU
		{5AB23C6A-2CFA-4894-BE22-12BBB8B51FA9}.Release|Any CPU.Build.0 = Release|Any CPU
	EndGlobalSection
	GlobalSection(SolutionProperties) = preSolution
		HideSolutionNode = FALSE
	EndGlobalSection
EndGlobal
